
Microsoft Visual Studio Solution File, Format Version 12.00
# Visual Studio 15
VisualStudioVersion = 15.0.27428.2043
MinimumVisualStudioVersion = 10.0.40219.1
Project("{FAE04EC0-301F-11D3-BF4B-00C04F79EFBC}") = "installing", "installing\installing.csproj", "{8D466D79-BF47-4A1A-888D-4E46D00BACF9}"
EndProject
Global
	GlobalSection(SolutionConfigurationPlatforms) = preSolution
		Debug|Any CPU = Debug|Any CPU
		Release|Any CPU = Release|Any CPU
	EndGlobalSection
	GlobalSection(ProjectConfigurationPlatforms) = postSolution
		{8D466D79-BF47-4A1A-888D-4E46D00BACF9}.Debug|Any CPU.ActiveCfg = Debug|Any CPU
		{8D466D79-BF47-4A1A-888D-4E46D00BACF9}.Debug|Any CPU.Build.0 = Debug|Any CPU
		{8D466D79-BF47-4A1A-888D-4E46D00BACF9}.Release|Any CPU.ActiveCfg = Release|Any CPU
		{8D466D79-BF47-4A1A-888D-4E46D00BACF9}.Release|Any CPU.Build.0 = Release|Any CPU
	EndGlobalSection
	GlobalSection(SolutionProperties) = preSolution
		HideSolutionNode = FALSE
	EndGlobalSection
	GlobalSection(ExtensibilityGlobals) = postSolution
		SolutionGuid = {6CF8EEE3-F66B-4C6C-AABE-D12429C12818}
	EndGlobalSection
EndGlobal
