
Microsoft Visual Studio Solution File, Format Version 12.00
# Visual Studio 15
VisualStudioVersion = 15.0.27428.2043
MinimumVisualStudioVersion = 10.0.40219.1
Project("{FAE04EC0-301F-11D3-BF4B-00C04F79EFBC}") = "install", "install\install.csproj", "{5F804A1C-E736-40EE-9D3C-790D7361D772}"
EndProject
Global
	GlobalSection(SolutionConfigurationPlatforms) = preSolution
		Debug|Any CPU = Debug|Any CPU
		Release|Any CPU = Release|Any CPU
	EndGlobalSection
	GlobalSection(ProjectConfigurationPlatforms) = postSolution
		{5F804A1C-E736-40EE-9D3C-790D7361D772}.Debug|Any CPU.ActiveCfg = Debug|Any CPU
		{5F804A1C-E736-40EE-9D3C-790D7361D772}.Debug|Any CPU.Build.0 = Debug|Any CPU
		{5F804A1C-E736-40EE-9D3C-790D7361D772}.Release|Any CPU.ActiveCfg = Release|Any CPU
		{5F804A1C-E736-40EE-9D3C-790D7361D772}.Release|Any CPU.Build.0 = Release|Any CPU
	EndGlobalSection
	GlobalSection(SolutionProperties) = preSolution
		HideSolutionNode = FALSE
	EndGlobalSection
	GlobalSection(ExtensibilityGlobals) = postSolution
		SolutionGuid = {631B2ADA-1B41-4D83-B539-F00046AA1BDA}
	EndGlobalSection
EndGlobal
